
Microsoft Visual Studio Solution File, Format Version 12.00
# Visual Studio 14
VisualStudioVersion = 14.0.24720.0
MinimumVisualStudioVersion = 10.0.40219.1
Project("{FAE04EC0-301F-11D3-BF4B-00C04F79EFBC}") = "FoESMM", "FoESMM\FoESMM.csproj", "{2BAF3E16-F480-4A9F-A360-548ED93B9D45}"
EndProject
Project("{FAE04EC0-301F-11D3-BF4B-00C04F79EFBC}") = "FoESMM.Common", "FoESMM.Common\FoESMM.Common.csproj", "{CF5B0A2F-344E-4557-80B4-34DA69FAFABE}"
EndProject
Project("{FAE04EC0-301F-11D3-BF4B-00C04F79EFBC}") = "FoESMM.Games.Fallout3", "FoESMM.Games.Fallout3\FoESMM.Games.Fallout3.csproj", "{65FFF7F3-3698-45E1-8894-3540B8EB57CB}"
EndProject
Project("{FAE04EC0-301F-11D3-BF4B-00C04F79EFBC}") = "FoESMM.Games.FalloutNV", "FoESMM.Games.FalloutNV\FoESMM.Games.FalloutNV.csproj", "{8D42118C-2DE0-42A5-946D-CE6981859F6E}"
EndProject
Project("{FAE04EC0-301F-11D3-BF4B-00C04F79EFBC}") = "FoESMM.Games.Fallout4", "FoESMM.Games.Fallout4\FoESMM.Games.Fallout4.csproj", "{9CE8C7F9-BDF9-4AF3-8242-BA007541435C}"
EndProject
Project("{8BC9CEB8-8B4A-11D0-8D11-00A0C91BC942}") = "Shaders", "Shaders\Shaders.vcxproj", "{596C1242-68C3-4A76-85A0-6229491F650C}"
EndProject
Project("{FAE04EC0-301F-11D3-BF4B-00C04F79EFBC}") = "libespmsharp", "libespmsharp\libespmsharp\libespmsharp.csproj", "{BF77DBE7-C07E-4A6A-99D8-764B39285534}"
EndProject
Project("{FAE04EC0-301F-11D3-BF4B-00C04F79EFBC}") = "libespmsharp.Test", "libespmsharp\libespmsharp.Test\libespmsharp.Test.csproj", "{08656EEB-1306-4D47-BEA7-36730FC9E9E5}"
EndProject
Global
	GlobalSection(SolutionConfigurationPlatforms) = preSolution
		Debug|Any CPU = Debug|Any CPU
		Debug|x64 = Debug|x64
		Debug|x86 = Debug|x86
		Release|Any CPU = Release|Any CPU
		Release|x64 = Release|x64
		Release|x86 = Release|x86
	EndGlobalSection
	GlobalSection(ProjectConfigurationPlatforms) = postSolution
		{2BAF3E16-F480-4A9F-A360-548ED93B9D45}.Debug|Any CPU.ActiveCfg = Debug|Any CPU
		{2BAF3E16-F480-4A9F-A360-548ED93B9D45}.Debug|Any CPU.Build.0 = Debug|Any CPU
		{2BAF3E16-F480-4A9F-A360-548ED93B9D45}.Debug|x64.ActiveCfg = Debug|Any CPU
		{2BAF3E16-F480-4A9F-A360-548ED93B9D45}.Debug|x64.Build.0 = Debug|Any CPU
		{2BAF3E16-F480-4A9F-A360-548ED93B9D45}.Debug|x86.ActiveCfg = Debug|Any CPU
		{2BAF3E16-F480-4A9F-A360-548ED93B9D45}.Debug|x86.Build.0 = Debug|Any CPU
		{2BAF3E16-F480-4A9F-A360-548ED93B9D45}.Release|Any CPU.ActiveCfg = Release|Any CPU
		{2BAF3E16-F480-4A9F-A360-548ED93B9D45}.Release|Any CPU.Build.0 = Release|Any CPU
		{2BAF3E16-F480-4A9F-A360-548ED93B9D45}.Release|x64.ActiveCfg = Release|Any CPU
		{2BAF3E16-F480-4A9F-A360-548ED93B9D45}.Release|x64.Build.0 = Release|Any CPU
		{2BAF3E16-F480-4A9F-A360-548ED93B9D45}.Release|x86.ActiveCfg = Release|Any CPU
		{2BAF3E16-F480-4A9F-A360-548ED93B9D45}.Release|x86.Build.0 = Release|Any CPU
		{CF5B0A2F-344E-4557-80B4-34DA69FAFABE}.Debug|Any CPU.ActiveCfg = Debug|Any CPU
		{CF5B0A2F-344E-4557-80B4-34DA69FAFABE}.Debug|Any CPU.Build.0 = Debug|Any CPU
		{CF5B0A2F-344E-4557-80B4-34DA69FAFABE}.Debug|x64.ActiveCfg = Debug|Any CPU
		{CF5B0A2F-344E-4557-80B4-34DA69FAFABE}.Debug|x64.Build.0 = Debug|Any CPU
		{CF5B0A2F-344E-4557-80B4-34DA69FAFABE}.Debug|x86.ActiveCfg = Debug|Any CPU
		{CF5B0A2F-344E-4557-80B4-34DA69FAFABE}.Debug|x86.Build.0 = Debug|Any CPU
		{CF5B0A2F-344E-4557-80B4-34DA69FAFABE}.Release|Any CPU.ActiveCfg = Release|Any CPU
		{CF5B0A2F-344E-4557-80B4-34DA69FAFABE}.Release|Any CPU.Build.0 = Release|Any CPU
		{CF5B0A2F-344E-4557-80B4-34DA69FAFABE}.Release|x64.ActiveCfg = Release|Any CPU
		{CF5B0A2F-344E-4557-80B4-34DA69FAFABE}.Release|x64.Build.0 = Release|Any CPU
		{CF5B0A2F-344E-4557-80B4-34DA69FAFABE}.Release|x86.ActiveCfg = Release|Any CPU
		{CF5B0A2F-344E-4557-80B4-34DA69FAFABE}.Release|x86.Build.0 = Release|Any CPU
		{65FFF7F3-3698-45E1-8894-3540B8EB57CB}.Debug|Any CPU.ActiveCfg = Debug|Any CPU
		{65FFF7F3-3698-45E1-8894-3540B8EB57CB}.Debug|Any CPU.Build.0 = Debug|Any CPU
		{65FFF7F3-3698-45E1-8894-3540B8EB57CB}.Debug|x64.ActiveCfg = Debug|Any CPU
		{65FFF7F3-3698-45E1-8894-3540B8EB57CB}.Debug|x64.Build.0 = Debug|Any CPU
		{65FFF7F3-3698-45E1-8894-3540B8EB57CB}.Debug|x86.ActiveCfg = Debug|Any CPU
		{65FFF7F3-3698-45E1-8894-3540B8EB57CB}.Debug|x86.Build.0 = Debug|Any CPU
		{65FFF7F3-3698-45E1-8894-3540B8EB57CB}.Release|Any CPU.ActiveCfg = Release|Any CPU
		{65FFF7F3-3698-45E1-8894-3540B8EB57CB}.Release|Any CPU.Build.0 = Release|Any CPU
		{65FFF7F3-3698-45E1-8894-3540B8EB57CB}.Release|x64.ActiveCfg = Release|Any CPU
		{65FFF7F3-3698-45E1-8894-3540B8EB57CB}.Release|x64.Build.0 = Release|Any CPU
		{65FFF7F3-3698-45E1-8894-3540B8EB57CB}.Release|x86.ActiveCfg = Release|Any CPU
		{65FFF7F3-3698-45E1-8894-3540B8EB57CB}.Release|x86.Build.0 = Release|Any CPU
		{8D42118C-2DE0-42A5-946D-CE6981859F6E}.Debug|Any CPU.ActiveCfg = Debug|Any CPU
		{8D42118C-2DE0-42A5-946D-CE6981859F6E}.Debug|Any CPU.Build.0 = Debug|Any CPU
		{8D42118C-2DE0-42A5-946D-CE6981859F6E}.Debug|x64.ActiveCfg = Debug|Any CPU
		{8D42118C-2DE0-42A5-946D-CE6981859F6E}.Debug|x64.Build.0 = Debug|Any CPU
		{8D42118C-2DE0-42A5-946D-CE6981859F6E}.Debug|x86.ActiveCfg = Debug|Any CPU
		{8D42118C-2DE0-42A5-946D-CE6981859F6E}.Debug|x86.Build.0 = Debug|Any CPU
		{8D42118C-2DE0-42A5-946D-CE6981859F6E}.Release|Any CPU.ActiveCfg = Release|Any CPU
		{8D42118C-2DE0-42A5-946D-CE6981859F6E}.Release|Any CPU.Build.0 = Release|Any CPU
		{8D42118C-2DE0-42A5-946D-CE6981859F6E}.Release|x64.ActiveCfg = Release|Any CPU
		{8D42118C-2DE0-42A5-946D-CE6981859F6E}.Release|x64.Build.0 = Release|Any CPU
		{8D42118C-2DE0-42A5-946D-CE6981859F6E}.Release|x86.ActiveCfg = Release|Any CPU
		{8D42118C-2DE0-42A5-946D-CE6981859F6E}.Release|x86.Build.0 = Release|Any CPU
		{9CE8C7F9-BDF9-4AF3-8242-BA007541435C}.Debug|Any CPU.ActiveCfg = Debug|Any CPU
		{9CE8C7F9-BDF9-4AF3-8242-BA007541435C}.Debug|Any CPU.Build.0 = Debug|Any CPU
		{9CE8C7F9-BDF9-4AF3-8242-BA007541435C}.Debug|x64.ActiveCfg = Debug|Any CPU
		{9CE8C7F9-BDF9-4AF3-8242-BA007541435C}.Debug|x64.Build.0 = Debug|Any CPU
		{9CE8C7F9-BDF9-4AF3-8242-BA007541435C}.Debug|x86.ActiveCfg = Debug|Any CPU
		{9CE8C7F9-BDF9-4AF3-8242-BA007541435C}.Debug|x86.Build.0 = Debug|Any CPU
		{9CE8C7F9-BDF9-4AF3-8242-BA007541435C}.Release|Any CPU.ActiveCfg = Release|Any CPU
		{9CE8C7F9-BDF9-4AF3-8242-BA007541435C}.Release|Any CPU.Build.0 = Release|Any CPU
		{9CE8C7F9-BDF9-4AF3-8242-BA007541435C}.Release|x64.ActiveCfg = Release|Any CPU
		{9CE8C7F9-BDF9-4AF3-8242-BA007541435C}.Release|x64.Build.0 = Release|Any CPU
		{9CE8C7F9-BDF9-4AF3-8242-BA007541435C}.Release|x86.ActiveCfg = Release|Any CPU
		{9CE8C7F9-BDF9-4AF3-8242-BA007541435C}.Release|x86.Build.0 = Release|Any CPU
		{596C1242-68C3-4A76-85A0-6229491F650C}.Debug|Any CPU.ActiveCfg = Debug|Win32
		{596C1242-68C3-4A76-85A0-6229491F650C}.Debug|Any CPU.Build.0 = Debug|Win32
		{596C1242-68C3-4A76-85A0-6229491F650C}.Debug|x64.ActiveCfg = Debug|x64
		{596C1242-68C3-4A76-85A0-6229491F650C}.Debug|x64.Build.0 = Debug|x64
		{596C1242-68C3-4A76-85A0-6229491F650C}.Debug|x86.ActiveCfg = Debug|Win32
		{596C1242-68C3-4A76-85A0-6229491F650C}.Debug|x86.Build.0 = Debug|Win32
		{596C1242-68C3-4A76-85A0-6229491F650C}.Release|Any CPU.ActiveCfg = Release|Win32
		{596C1242-68C3-4A76-85A0-6229491F650C}.Release|Any CPU.Build.0 = Release|Win32
		{596C1242-68C3-4A76-85A0-6229491F650C}.Release|x64.ActiveCfg = Release|x64
		{596C1242-68C3-4A76-85A0-6229491F650C}.Release|x64.Build.0 = Release|x64
		{596C1242-68C3-4A76-85A0-6229491F650C}.Release|x86.ActiveCfg = Release|Win32
		{596C1242-68C3-4A76-85A0-6229491F650C}.Release|x86.Build.0 = Release|Win32
		{BF77DBE7-C07E-4A6A-99D8-764B39285534}.Debug|Any CPU.ActiveCfg = Debug|Any CPU
		{BF77DBE7-C07E-4A6A-99D8-764B39285534}.Debug|Any CPU.Build.0 = Debug|Any CPU
		{BF77DBE7-C07E-4A6A-99D8-764B39285534}.Debug|x64.ActiveCfg = Debug|Any CPU
		{BF77DBE7-C07E-4A6A-99D8-764B39285534}.Debug|x64.Build.0 = Debug|Any CPU
		{BF77DBE7-C07E-4A6A-99D8-764B39285534}.Debug|x86.ActiveCfg = Debug|Any CPU
		{BF77DBE7-C07E-4A6A-99D8-764B39285534}.Debug|x86.Build.0 = Debug|Any CPU
		{BF77DBE7-C07E-4A6A-99D8-764B39285534}.Release|Any CPU.ActiveCfg = Release|Any CPU
		{BF77DBE7-C07E-4A6A-99D8-764B39285534}.Release|Any CPU.Build.0 = Release|Any CPU
		{BF77DBE7-C07E-4A6A-99D8-764B39285534}.Release|x64.ActiveCfg = Release|Any CPU
		{BF77DBE7-C07E-4A6A-99D8-764B39285534}.Release|x64.Build.0 = Release|Any CPU
		{BF77DBE7-C07E-4A6A-99D8-764B39285534}.Release|x86.ActiveCfg = Release|Any CPU
		{BF77DBE7-C07E-4A6A-99D8-764B39285534}.Release|x86.Build.0 = Release|Any CPU
		{08656EEB-1306-4D47-BEA7-36730FC9E9E5}.Debug|Any CPU.ActiveCfg = Debug|Any CPU
		{08656EEB-1306-4D47-BEA7-36730FC9E9E5}.Debug|Any CPU.Build.0 = Debug|Any CPU
		{08656EEB-1306-4D47-BEA7-36730FC9E9E5}.Debug|x64.ActiveCfg = Debug|Any CPU
		{08656EEB-1306-4D47-BEA7-36730FC9E9E5}.Debug|x64.Build.0 = Debug|Any CPU
		{08656EEB-1306-4D47-BEA7-36730FC9E9E5}.Debug|x86.ActiveCfg = Debug|Any CPU
		{08656EEB-1306-4D47-BEA7-36730FC9E9E5}.Debug|x86.Build.0 = Debug|Any CPU
		{08656EEB-1306-4D47-BEA7-36730FC9E9E5}.Release|Any CPU.ActiveCfg = Release|Any CPU
		{08656EEB-1306-4D47-BEA7-36730FC9E9E5}.Release|Any CPU.Build.0 = Release|Any CPU
		{08656EEB-1306-4D47-BEA7-36730FC9E9E5}.Release|x64.ActiveCfg = Release|Any CPU
		{08656EEB-1306-4D47-BEA7-36730FC9E9E5}.Release|x64.Build.0 = Release|Any CPU
		{08656EEB-1306-4D47-BEA7-36730FC9E9E5}.Release|x86.ActiveCfg = Release|Any CPU
		{08656EEB-1306-4D47-BEA7-36730FC9E9E5}.Release|x86.Build.0 = Release|Any CPU
	EndGlobalSection
	GlobalSection(SolutionProperties) = preSolution
		HideSolutionNode = FALSE
	EndGlobalSection
EndGlobal
